
Microsoft Visual Studio Solution File, Format Version 12.00
# Visual Studio Version 17
VisualStudioVersion = 17.11.35327.3
MinimumVisualStudioVersion = 10.0.40219.1
Project("{2150E333-8FDC-42A3-9474-1A3956D46DE8}") = "Task 0", "Task 0", "{9C678531-5D22-47BF-B1A5-DBFE89EEC464}"
EndProject
Project("{FAE04EC0-301F-11D3-BF4B-00C04F79EFBC}") = "Tyuiu.ShmidtAA.Sprint4.Task0.V18", "Tyuiu.ShmidtAA.Sprint4.Task0.V18\Tyuiu.ShmidtAA.Sprint4.Task0.V18.csproj", "{E78F3570-2260-43EC-AF65-BBBB2EC1EBB5}"
EndProject
Project("{FAE04EC0-301F-11D3-BF4B-00C04F79EFBC}") = "Tyuiu.ShmidtAA.Sprint4.Task0.V18.Test", "Tyuiu.ShmidtAA.Sprint4.Task0.V18.Test\Tyuiu.ShmidtAA.Sprint4.Task0.V18.Test.csproj", "{FF2B400A-AE22-4903-9335-522A639D5307}"
EndProject
Project("{FAE04EC0-301F-11D3-BF4B-00C04F79EFBC}") = "Tyuiu.ShmidtAA.Sprint4.Task0.V18.Lib", "Tyuiu.ShmidtAA.Sprint4.Task0.V18.Lib\Tyuiu.ShmidtAA.Sprint4.Task0.V18.Lib.csproj", "{9B6AF084-2534-4C14-B445-657A39CEC613}"
EndProject
Global
	GlobalSection(SolutionConfigurationPlatforms) = preSolution
		Debug|Any CPU = Debug|Any CPU
		Release|Any CPU = Release|Any CPU
	EndGlobalSection
	GlobalSection(ProjectConfigurationPlatforms) = postSolution
		{E78F3570-2260-43EC-AF65-BBBB2EC1EBB5}.Debug|Any CPU.ActiveCfg = Debug|Any CPU
		{E78F3570-2260-43EC-AF65-BBBB2EC1EBB5}.Debug|Any CPU.Build.0 = Debug|Any CPU
		{E78F3570-2260-43EC-AF65-BBBB2EC1EBB5}.Release|Any CPU.ActiveCfg = Release|Any CPU
		{E78F3570-2260-43EC-AF65-BBBB2EC1EBB5}.Release|Any CPU.Build.0 = Release|Any CPU
		{FF2B400A-AE22-4903-9335-522A639D5307}.Debug|Any CPU.ActiveCfg = Debug|Any CPU
		{FF2B400A-AE22-4903-9335-522A639D5307}.Debug|Any CPU.Build.0 = Debug|Any CPU
		{FF2B400A-AE22-4903-9335-522A639D5307}.Release|Any CPU.ActiveCfg = Release|Any CPU
		{FF2B400A-AE22-4903-9335-522A639D5307}.Release|Any CPU.Build.0 = Release|Any CPU
		{9B6AF084-2534-4C14-B445-657A39CEC613}.Debug|Any CPU.ActiveCfg = Debug|Any CPU
		{9B6AF084-2534-4C14-B445-657A39CEC613}.Debug|Any CPU.Build.0 = Debug|Any CPU
		{9B6AF084-2534-4C14-B445-657A39CEC613}.Release|Any CPU.ActiveCfg = Release|Any CPU
		{9B6AF084-2534-4C14-B445-657A39CEC613}.Release|Any CPU.Build.0 = Release|Any CPU
	EndGlobalSection
	GlobalSection(SolutionProperties) = preSolution
		HideSolutionNode = FALSE
	EndGlobalSection
	GlobalSection(NestedProjects) = preSolution
		{E78F3570-2260-43EC-AF65-BBBB2EC1EBB5} = {9C678531-5D22-47BF-B1A5-DBFE89EEC464}
		{FF2B400A-AE22-4903-9335-522A639D5307} = {9C678531-5D22-47BF-B1A5-DBFE89EEC464}
		{9B6AF084-2534-4C14-B445-657A39CEC613} = {9C678531-5D22-47BF-B1A5-DBFE89EEC464}
	EndGlobalSection
	GlobalSection(ExtensibilityGlobals) = postSolution
		SolutionGuid = {4C94553C-647D-45FD-B4BA-889FFC010352}
	EndGlobalSection
EndGlobal
