
Microsoft Visual Studio Solution File, Format Version 12.00
# Visual Studio Version 17
VisualStudioVersion = 17.11.35327.3
MinimumVisualStudioVersion = 10.0.40219.1
Project("{2150E333-8FDC-42A3-9474-1A3956D46DE8}") = "Task 0", "Task 0", "{9C678531-5D22-47BF-B1A5-DBFE89EEC464}"
EndProject
Project("{9A19103F-16F7-4668-BE54-9A1E7A4F7556}") = "Tyuiu.ShmidtAA.Sprint4.Task0.V18", "Tyuiu.ShmidtAA.Sprint4.Task0.V18\Tyuiu.ShmidtAA.Sprint4.Task0.V18.csproj", "{E78F3570-2260-43EC-AF65-BBBB2EC1EBB5}"
EndProject
Project("{9A19103F-16F7-4668-BE54-9A1E7A4F7556}") = "Tyuiu.ShmidtAA.Sprint4.Task0.V18.Test", "Tyuiu.ShmidtAA.Sprint4.Task0.V18.Test\Tyuiu.ShmidtAA.Sprint4.Task0.V18.Test.csproj", "{FF2B400A-AE22-4903-9335-522A639D5307}"
EndProject
Project("{9A19103F-16F7-4668-BE54-9A1E7A4F7556}") = "Tyuiu.ShmidtAA.Sprint4.Task0.V18.Lib", "Tyuiu.ShmidtAA.Sprint4.Task0.V18.Lib\Tyuiu.ShmidtAA.Sprint4.Task0.V18.Lib.csproj", "{9B6AF084-2534-4C14-B445-657A39CEC613}"
EndProject
Project("{2150E333-8FDC-42A3-9474-1A3956D46DE8}") = "Task 1", "Task 1", "{52514733-9B86-4D5B-8102-D54D3E9E67F2}"
EndProject
Project("{9A19103F-16F7-4668-BE54-9A1E7A4F7556}") = "Tyuiu.ShmidtAA.Sprint4.Task1.V3", "Tyuiu.ShmidtAA.Sprint4.Task1.V3\Tyuiu.ShmidtAA.Sprint4.Task1.V3.csproj", "{90814DA8-22AF-4EF5-A5A6-E59406078152}"
EndProject
Project("{9A19103F-16F7-4668-BE54-9A1E7A4F7556}") = "Tyuiu.ShmidtAA.Sprint4.Task1.V3.Lib", "Tyuiu.ShmidtAA.Sprint4.Task1.V3.Lib\Tyuiu.ShmidtAA.Sprint4.Task1.V3.Lib.csproj", "{4E5098A4-8E29-43ED-B285-C61203AD5F46}"
EndProject
Project("{9A19103F-16F7-4668-BE54-9A1E7A4F7556}") = "Tyuiu.ShmidtAA.Sprint4.Task1.V3.Test", "Tyuiu.ShmidtAA.Sprint4.Task1.V3.Test\Tyuiu.ShmidtAA.Sprint4.Task1.V3.Test.csproj", "{6DA525C2-BFB6-425A-BC0C-A946522F34F4}"
EndProject
Project("{2150E333-8FDC-42A3-9474-1A3956D46DE8}") = "Task 2", "Task 2", "{9B0BB3F2-7145-4F02-A63C-FFBE07329F09}"
EndProject
Project("{9A19103F-16F7-4668-BE54-9A1E7A4F7556}") = "Tyuiu.ShmidtAA.Sprint4.Task2.V24", "Tyuiu.ShmidtAA.Sprint4.Task2.V24\Tyuiu.ShmidtAA.Sprint4.Task2.V24.csproj", "{AEC51C81-8442-4625-9A6F-AE1AD87C1F50}"
EndProject
Project("{9A19103F-16F7-4668-BE54-9A1E7A4F7556}") = "Tyuiu.ShmidtAA.Sprint4.Task2.V24.Lib", "Tyuiu.ShmidtAA.Sprint4.Task2.V24.Lib\Tyuiu.ShmidtAA.Sprint4.Task2.V24.Lib.csproj", "{D7B2F2BD-FF27-474E-AAE5-B9EFF6263F0C}"
EndProject
Project("{9A19103F-16F7-4668-BE54-9A1E7A4F7556}") = "Tyuiu.ShmidtAA.Sprint4.Task2.V24.Test", "Tyuiu.ShmidtAA.Sprint4.Task2.V24.Test\Tyuiu.ShmidtAA.Sprint4.Task2.V24.Test.csproj", "{9F1F9A73-EE74-4DCF-A211-A12A3DBD0A96}"
EndProject
Project("{2150E333-8FDC-42A3-9474-1A3956D46DE8}") = "Task 3", "Task 3", "{DEE59989-13AC-4F19-8AB9-F4B45D167797}"
EndProject
Project("{9A19103F-16F7-4668-BE54-9A1E7A4F7556}") = "Tyuiu.ShmidtAA.Sprint4.Task3.V14", "Tyuiu.ShmidtAA.Sprint4.Task3.V14\Tyuiu.ShmidtAA.Sprint4.Task3.V14.csproj", "{D859E685-CF77-46B6-8BCD-27B2703214A7}"
EndProject
Project("{9A19103F-16F7-4668-BE54-9A1E7A4F7556}") = "Tyuiu.ShmidtAA.Sprint4.Task3.V14.Lib", "Tyuiu.ShmidtAA.Sprint4.Task3.V14.Lib\Tyuiu.ShmidtAA.Sprint4.Task3.V14.Lib.csproj", "{D699F5C7-3852-41FE-AA31-C5400C2BFE20}"
EndProject
Project("{9A19103F-16F7-4668-BE54-9A1E7A4F7556}") = "Tyuiu.ShmidtAA.Sprint4.Task3.V14.Test", "Tyuiu.ShmidtAA.Sprint4.Task3.V14.Test\Tyuiu.ShmidtAA.Sprint4.Task3.V14.Test.csproj", "{446C52C2-6320-4D13-BA73-F18CF9E645B7}"
EndProject
Project("{2150E333-8FDC-42A3-9474-1A3956D46DE8}") = "Task 4", "Task 4", "{78491A1E-1BD5-4386-BED4-9DDFE3962BE6}"
EndProject
Project("{9A19103F-16F7-4668-BE54-9A1E7A4F7556}") = "Tyuiu.ShmidtAA.Sprint4.Task4.V13", "Tyuiu.ShmidtAA.Sprint4.Task4.V13\Tyuiu.ShmidtAA.Sprint4.Task4.V13.csproj", "{C1144C3C-A193-4983-8CD1-4C2FF7403FAC}"
EndProject
Project("{9A19103F-16F7-4668-BE54-9A1E7A4F7556}") = "Tyuiu.ShmidtAA.Sprint4.Task4.V13.Lib", "Tyuiu.ShmidtAA.Sprint4.Task4.V13.Lib\Tyuiu.ShmidtAA.Sprint4.Task4.V13.Lib.csproj", "{60C2ADB2-60B2-4E0C-801C-9E873B3354CA}"
EndProject
Project("{9A19103F-16F7-4668-BE54-9A1E7A4F7556}") = "Tyuiu.ShmidtAA.Sprint4.Task4.V13.Test", "Tyuiu.ShmidtAA.Sprint4.Task4.V13.Test\Tyuiu.ShmidtAA.Sprint4.Task4.V13.Test.csproj", "{5EE09DF0-C03C-480B-A2BF-239DCE70BFD6}"
EndProject
Project("{2150E333-8FDC-42A3-9474-1A3956D46DE8}") = "Task 5", "Task 5", "{37D2881A-3D0C-4AC2-B3EE-092F0E796F45}"
EndProject
Project("{FAE04EC0-301F-11D3-BF4B-00C04F79EFBC}") = "Tyuiu.ShmidtAA.Sprint4.Task5.V21", "Tyuiu.ShmidtAA.Sprint4.Task5.V21\Tyuiu.ShmidtAA.Sprint4.Task5.V21.csproj", "{804053EE-92C8-4570-93A0-5A2C9EAEE559}"
EndProject
Project("{FAE04EC0-301F-11D3-BF4B-00C04F79EFBC}") = "Tyuiu.ShmidtAA.Sprint4.Task5.V21.Lib", "Tyuiu.ShmidtAA.Sprint4.Task5.V21.Lib\Tyuiu.ShmidtAA.Sprint4.Task5.V21.Lib.csproj", "{F188AFAF-2539-4AF4-98DA-13CB37C41907}"
EndProject
Project("{FAE04EC0-301F-11D3-BF4B-00C04F79EFBC}") = "Tyuiu.ShmidtAA.Sprint4.Task5.V21.Test", "Tyuiu.ShmidtAA.Sprint4.Task5.V21.Test\Tyuiu.ShmidtAA.Sprint4.Task5.V21.Test.csproj", "{018CD3AF-5080-4845-A4F3-7A9C26CE8127}"
EndProject
Project("{2150E333-8FDC-42A3-9474-1A3956D46DE8}") = "Task 6", "Task 6", "{3BF0B3BD-EA4E-48DE-9C90-2324FD6C34B5}"
EndProject
Project("{FAE04EC0-301F-11D3-BF4B-00C04F79EFBC}") = "Tyuiu.ShmidtAA.Sprint4.Task6.V6", "Tyuiu.ShmidtAA.Sprint4.Task6.V6\Tyuiu.ShmidtAA.Sprint4.Task6.V6.csproj", "{7BA4887C-0825-49EB-8EDC-D094B544F67B}"
EndProject
Project("{FAE04EC0-301F-11D3-BF4B-00C04F79EFBC}") = "Tyuiu.ShmidtAA.Sprint4.Task6.V6.Test", "Tyuiu.ShmidtAA.Sprint4.Task6.V6.Test\Tyuiu.ShmidtAA.Sprint4.Task6.V6.Test.csproj", "{D24D49D6-6322-4C59-B814-C475E6AF624A}"
EndProject
Project("{FAE04EC0-301F-11D3-BF4B-00C04F79EFBC}") = "Tyuiu.ShmidtAA.Sprint4.Task6.V6.Lib", "Tyuiu.ShmidtAA.Sprint4.Task6.V6.Lib\Tyuiu.ShmidtAA.Sprint4.Task6.V6.Lib.csproj", "{E8BF1599-FEC8-46BD-B8AF-ECB45F3E1D77}"
EndProject
Project("{2150E333-8FDC-42A3-9474-1A3956D46DE8}") = "Task 7", "Task 7", "{26EE8785-6DEC-4CEB-B714-FB90AB5C83CA}"
EndProject
Project("{FAE04EC0-301F-11D3-BF4B-00C04F79EFBC}") = "Tyuiu.ShmidtAA.Sprint4.Task7.V6", "Tyuiu.ShmidtAA.Sprint4.Task7.V6\Tyuiu.ShmidtAA.Sprint4.Task7.V6.csproj", "{1E1CFCE2-63E3-4432-9934-0AD6761969CD}"
EndProject
Project("{FAE04EC0-301F-11D3-BF4B-00C04F79EFBC}") = "Tyuiu.ShmidtAA.Sprint4.Task7.V6.Lib", "Tyuiu.ShmidtAA.Sprint4.Task7.V6.Lib\Tyuiu.ShmidtAA.Sprint4.Task7.V6.Lib.csproj", "{CC910EF7-ABF3-46B2-B59C-7B5B25D96C49}"
EndProject
Project("{FAE04EC0-301F-11D3-BF4B-00C04F79EFBC}") = "Tyuiu.ShmidtAA.Sprint4.Task7.V6.Test", "Tyuiu.ShmidtAA.Sprint4.Task7.V6.Test\Tyuiu.ShmidtAA.Sprint4.Task7.V6.Test.csproj", "{21A695FE-0602-4B3D-9BD6-CB75C06B67A7}"
EndProject
Global
	GlobalSection(SolutionConfigurationPlatforms) = preSolution
		Debug|Any CPU = Debug|Any CPU
		Release|Any CPU = Release|Any CPU
	EndGlobalSection
	GlobalSection(ProjectConfigurationPlatforms) = postSolution
		{E78F3570-2260-43EC-AF65-BBBB2EC1EBB5}.Debug|Any CPU.ActiveCfg = Debug|Any CPU
		{E78F3570-2260-43EC-AF65-BBBB2EC1EBB5}.Debug|Any CPU.Build.0 = Debug|Any CPU
		{E78F3570-2260-43EC-AF65-BBBB2EC1EBB5}.Release|Any CPU.ActiveCfg = Release|Any CPU
		{E78F3570-2260-43EC-AF65-BBBB2EC1EBB5}.Release|Any CPU.Build.0 = Release|Any CPU
		{FF2B400A-AE22-4903-9335-522A639D5307}.Debug|Any CPU.ActiveCfg = Debug|Any CPU
		{FF2B400A-AE22-4903-9335-522A639D5307}.Debug|Any CPU.Build.0 = Debug|Any CPU
		{FF2B400A-AE22-4903-9335-522A639D5307}.Release|Any CPU.ActiveCfg = Release|Any CPU
		{FF2B400A-AE22-4903-9335-522A639D5307}.Release|Any CPU.Build.0 = Release|Any CPU
		{9B6AF084-2534-4C14-B445-657A39CEC613}.Debug|Any CPU.ActiveCfg = Debug|Any CPU
		{9B6AF084-2534-4C14-B445-657A39CEC613}.Debug|Any CPU.Build.0 = Debug|Any CPU
		{9B6AF084-2534-4C14-B445-657A39CEC613}.Release|Any CPU.ActiveCfg = Release|Any CPU
		{9B6AF084-2534-4C14-B445-657A39CEC613}.Release|Any CPU.Build.0 = Release|Any CPU
		{90814DA8-22AF-4EF5-A5A6-E59406078152}.Debug|Any CPU.ActiveCfg = Debug|Any CPU
		{90814DA8-22AF-4EF5-A5A6-E59406078152}.Debug|Any CPU.Build.0 = Debug|Any CPU
		{90814DA8-22AF-4EF5-A5A6-E59406078152}.Release|Any CPU.ActiveCfg = Release|Any CPU
		{90814DA8-22AF-4EF5-A5A6-E59406078152}.Release|Any CPU.Build.0 = Release|Any CPU
		{4E5098A4-8E29-43ED-B285-C61203AD5F46}.Debug|Any CPU.ActiveCfg = Debug|Any CPU
		{4E5098A4-8E29-43ED-B285-C61203AD5F46}.Debug|Any CPU.Build.0 = Debug|Any CPU
		{4E5098A4-8E29-43ED-B285-C61203AD5F46}.Release|Any CPU.ActiveCfg = Release|Any CPU
		{4E5098A4-8E29-43ED-B285-C61203AD5F46}.Release|Any CPU.Build.0 = Release|Any CPU
		{6DA525C2-BFB6-425A-BC0C-A946522F34F4}.Debug|Any CPU.ActiveCfg = Debug|Any CPU
		{6DA525C2-BFB6-425A-BC0C-A946522F34F4}.Debug|Any CPU.Build.0 = Debug|Any CPU
		{6DA525C2-BFB6-425A-BC0C-A946522F34F4}.Release|Any CPU.ActiveCfg = Release|Any CPU
		{6DA525C2-BFB6-425A-BC0C-A946522F34F4}.Release|Any CPU.Build.0 = Release|Any CPU
		{AEC51C81-8442-4625-9A6F-AE1AD87C1F50}.Debug|Any CPU.ActiveCfg = Debug|Any CPU
		{AEC51C81-8442-4625-9A6F-AE1AD87C1F50}.Debug|Any CPU.Build.0 = Debug|Any CPU
		{AEC51C81-8442-4625-9A6F-AE1AD87C1F50}.Release|Any CPU.ActiveCfg = Release|Any CPU
		{AEC51C81-8442-4625-9A6F-AE1AD87C1F50}.Release|Any CPU.Build.0 = Release|Any CPU
		{D7B2F2BD-FF27-474E-AAE5-B9EFF6263F0C}.Debug|Any CPU.ActiveCfg = Debug|Any CPU
		{D7B2F2BD-FF27-474E-AAE5-B9EFF6263F0C}.Debug|Any CPU.Build.0 = Debug|Any CPU
		{D7B2F2BD-FF27-474E-AAE5-B9EFF6263F0C}.Release|Any CPU.ActiveCfg = Release|Any CPU
		{D7B2F2BD-FF27-474E-AAE5-B9EFF6263F0C}.Release|Any CPU.Build.0 = Release|Any CPU
		{9F1F9A73-EE74-4DCF-A211-A12A3DBD0A96}.Debug|Any CPU.ActiveCfg = Debug|Any CPU
		{9F1F9A73-EE74-4DCF-A211-A12A3DBD0A96}.Debug|Any CPU.Build.0 = Debug|Any CPU
		{9F1F9A73-EE74-4DCF-A211-A12A3DBD0A96}.Release|Any CPU.ActiveCfg = Release|Any CPU
		{9F1F9A73-EE74-4DCF-A211-A12A3DBD0A96}.Release|Any CPU.Build.0 = Release|Any CPU
		{D859E685-CF77-46B6-8BCD-27B2703214A7}.Debug|Any CPU.ActiveCfg = Debug|Any CPU
		{D859E685-CF77-46B6-8BCD-27B2703214A7}.Debug|Any CPU.Build.0 = Debug|Any CPU
		{D859E685-CF77-46B6-8BCD-27B2703214A7}.Release|Any CPU.ActiveCfg = Release|Any CPU
		{D859E685-CF77-46B6-8BCD-27B2703214A7}.Release|Any CPU.Build.0 = Release|Any CPU
		{D699F5C7-3852-41FE-AA31-C5400C2BFE20}.Debug|Any CPU.ActiveCfg = Debug|Any CPU
		{D699F5C7-3852-41FE-AA31-C5400C2BFE20}.Debug|Any CPU.Build.0 = Debug|Any CPU
		{D699F5C7-3852-41FE-AA31-C5400C2BFE20}.Release|Any CPU.ActiveCfg = Release|Any CPU
		{D699F5C7-3852-41FE-AA31-C5400C2BFE20}.Release|Any CPU.Build.0 = Release|Any CPU
		{446C52C2-6320-4D13-BA73-F18CF9E645B7}.Debug|Any CPU.ActiveCfg = Debug|Any CPU
		{446C52C2-6320-4D13-BA73-F18CF9E645B7}.Debug|Any CPU.Build.0 = Debug|Any CPU
		{446C52C2-6320-4D13-BA73-F18CF9E645B7}.Release|Any CPU.ActiveCfg = Release|Any CPU
		{446C52C2-6320-4D13-BA73-F18CF9E645B7}.Release|Any CPU.Build.0 = Release|Any CPU
		{C1144C3C-A193-4983-8CD1-4C2FF7403FAC}.Debug|Any CPU.ActiveCfg = Debug|Any CPU
		{C1144C3C-A193-4983-8CD1-4C2FF7403FAC}.Debug|Any CPU.Build.0 = Debug|Any CPU
		{C1144C3C-A193-4983-8CD1-4C2FF7403FAC}.Release|Any CPU.ActiveCfg = Release|Any CPU
		{C1144C3C-A193-4983-8CD1-4C2FF7403FAC}.Release|Any CPU.Build.0 = Release|Any CPU
		{60C2ADB2-60B2-4E0C-801C-9E873B3354CA}.Debug|Any CPU.ActiveCfg = Debug|Any CPU
		{60C2ADB2-60B2-4E0C-801C-9E873B3354CA}.Debug|Any CPU.Build.0 = Debug|Any CPU
		{60C2ADB2-60B2-4E0C-801C-9E873B3354CA}.Release|Any CPU.ActiveCfg = Release|Any CPU
		{60C2ADB2-60B2-4E0C-801C-9E873B3354CA}.Release|Any CPU.Build.0 = Release|Any CPU
		{5EE09DF0-C03C-480B-A2BF-239DCE70BFD6}.Debug|Any CPU.ActiveCfg = Debug|Any CPU
		{5EE09DF0-C03C-480B-A2BF-239DCE70BFD6}.Debug|Any CPU.Build.0 = Debug|Any CPU
		{5EE09DF0-C03C-480B-A2BF-239DCE70BFD6}.Release|Any CPU.ActiveCfg = Release|Any CPU
		{5EE09DF0-C03C-480B-A2BF-239DCE70BFD6}.Release|Any CPU.Build.0 = Release|Any CPU
		{804053EE-92C8-4570-93A0-5A2C9EAEE559}.Debug|Any CPU.ActiveCfg = Debug|Any CPU
		{804053EE-92C8-4570-93A0-5A2C9EAEE559}.Debug|Any CPU.Build.0 = Debug|Any CPU
		{804053EE-92C8-4570-93A0-5A2C9EAEE559}.Release|Any CPU.ActiveCfg = Release|Any CPU
		{804053EE-92C8-4570-93A0-5A2C9EAEE559}.Release|Any CPU.Build.0 = Release|Any CPU
		{F188AFAF-2539-4AF4-98DA-13CB37C41907}.Debug|Any CPU.ActiveCfg = Debug|Any CPU
		{F188AFAF-2539-4AF4-98DA-13CB37C41907}.Debug|Any CPU.Build.0 = Debug|Any CPU
		{F188AFAF-2539-4AF4-98DA-13CB37C41907}.Release|Any CPU.ActiveCfg = Release|Any CPU
		{F188AFAF-2539-4AF4-98DA-13CB37C41907}.Release|Any CPU.Build.0 = Release|Any CPU
		{018CD3AF-5080-4845-A4F3-7A9C26CE8127}.Debug|Any CPU.ActiveCfg = Debug|Any CPU
		{018CD3AF-5080-4845-A4F3-7A9C26CE8127}.Debug|Any CPU.Build.0 = Debug|Any CPU
		{018CD3AF-5080-4845-A4F3-7A9C26CE8127}.Release|Any CPU.ActiveCfg = Release|Any CPU
		{018CD3AF-5080-4845-A4F3-7A9C26CE8127}.Release|Any CPU.Build.0 = Release|Any CPU
		{7BA4887C-0825-49EB-8EDC-D094B544F67B}.Debug|Any CPU.ActiveCfg = Debug|Any CPU
		{7BA4887C-0825-49EB-8EDC-D094B544F67B}.Debug|Any CPU.Build.0 = Debug|Any CPU
		{7BA4887C-0825-49EB-8EDC-D094B544F67B}.Release|Any CPU.ActiveCfg = Release|Any CPU
		{7BA4887C-0825-49EB-8EDC-D094B544F67B}.Release|Any CPU.Build.0 = Release|Any CPU
		{D24D49D6-6322-4C59-B814-C475E6AF624A}.Debug|Any CPU.ActiveCfg = Debug|Any CPU
		{D24D49D6-6322-4C59-B814-C475E6AF624A}.Debug|Any CPU.Build.0 = Debug|Any CPU
		{D24D49D6-6322-4C59-B814-C475E6AF624A}.Release|Any CPU.ActiveCfg = Release|Any CPU
		{D24D49D6-6322-4C59-B814-C475E6AF624A}.Release|Any CPU.Build.0 = Release|Any CPU
		{E8BF1599-FEC8-46BD-B8AF-ECB45F3E1D77}.Debug|Any CPU.ActiveCfg = Debug|Any CPU
		{E8BF1599-FEC8-46BD-B8AF-ECB45F3E1D77}.Debug|Any CPU.Build.0 = Debug|Any CPU
		{E8BF1599-FEC8-46BD-B8AF-ECB45F3E1D77}.Release|Any CPU.ActiveCfg = Release|Any CPU
		{E8BF1599-FEC8-46BD-B8AF-ECB45F3E1D77}.Release|Any CPU.Build.0 = Release|Any CPU
		{1E1CFCE2-63E3-4432-9934-0AD6761969CD}.Debug|Any CPU.ActiveCfg = Debug|Any CPU
		{1E1CFCE2-63E3-4432-9934-0AD6761969CD}.Debug|Any CPU.Build.0 = Debug|Any CPU
		{1E1CFCE2-63E3-4432-9934-0AD6761969CD}.Release|Any CPU.ActiveCfg = Release|Any CPU
		{1E1CFCE2-63E3-4432-9934-0AD6761969CD}.Release|Any CPU.Build.0 = Release|Any CPU
		{CC910EF7-ABF3-46B2-B59C-7B5B25D96C49}.Debug|Any CPU.ActiveCfg = Debug|Any CPU
		{CC910EF7-ABF3-46B2-B59C-7B5B25D96C49}.Debug|Any CPU.Build.0 = Debug|Any CPU
		{CC910EF7-ABF3-46B2-B59C-7B5B25D96C49}.Release|Any CPU.ActiveCfg = Release|Any CPU
		{CC910EF7-ABF3-46B2-B59C-7B5B25D96C49}.Release|Any CPU.Build.0 = Release|Any CPU
		{21A695FE-0602-4B3D-9BD6-CB75C06B67A7}.Debug|Any CPU.ActiveCfg = Debug|Any CPU
		{21A695FE-0602-4B3D-9BD6-CB75C06B67A7}.Debug|Any CPU.Build.0 = Debug|Any CPU
		{21A695FE-0602-4B3D-9BD6-CB75C06B67A7}.Release|Any CPU.ActiveCfg = Release|Any CPU
		{21A695FE-0602-4B3D-9BD6-CB75C06B67A7}.Release|Any CPU.Build.0 = Release|Any CPU
	EndGlobalSection
	GlobalSection(SolutionProperties) = preSolution
		HideSolutionNode = FALSE
	EndGlobalSection
	GlobalSection(NestedProjects) = preSolution
		{E78F3570-2260-43EC-AF65-BBBB2EC1EBB5} = {9C678531-5D22-47BF-B1A5-DBFE89EEC464}
		{FF2B400A-AE22-4903-9335-522A639D5307} = {9C678531-5D22-47BF-B1A5-DBFE89EEC464}
		{9B6AF084-2534-4C14-B445-657A39CEC613} = {9C678531-5D22-47BF-B1A5-DBFE89EEC464}
		{90814DA8-22AF-4EF5-A5A6-E59406078152} = {52514733-9B86-4D5B-8102-D54D3E9E67F2}
		{4E5098A4-8E29-43ED-B285-C61203AD5F46} = {52514733-9B86-4D5B-8102-D54D3E9E67F2}
		{6DA525C2-BFB6-425A-BC0C-A946522F34F4} = {52514733-9B86-4D5B-8102-D54D3E9E67F2}
		{AEC51C81-8442-4625-9A6F-AE1AD87C1F50} = {9B0BB3F2-7145-4F02-A63C-FFBE07329F09}
		{D7B2F2BD-FF27-474E-AAE5-B9EFF6263F0C} = {9B0BB3F2-7145-4F02-A63C-FFBE07329F09}
		{9F1F9A73-EE74-4DCF-A211-A12A3DBD0A96} = {9B0BB3F2-7145-4F02-A63C-FFBE07329F09}
		{D859E685-CF77-46B6-8BCD-27B2703214A7} = {DEE59989-13AC-4F19-8AB9-F4B45D167797}
		{D699F5C7-3852-41FE-AA31-C5400C2BFE20} = {DEE59989-13AC-4F19-8AB9-F4B45D167797}
		{446C52C2-6320-4D13-BA73-F18CF9E645B7} = {DEE59989-13AC-4F19-8AB9-F4B45D167797}
		{C1144C3C-A193-4983-8CD1-4C2FF7403FAC} = {78491A1E-1BD5-4386-BED4-9DDFE3962BE6}
		{60C2ADB2-60B2-4E0C-801C-9E873B3354CA} = {78491A1E-1BD5-4386-BED4-9DDFE3962BE6}
		{5EE09DF0-C03C-480B-A2BF-239DCE70BFD6} = {78491A1E-1BD5-4386-BED4-9DDFE3962BE6}
		{804053EE-92C8-4570-93A0-5A2C9EAEE559} = {37D2881A-3D0C-4AC2-B3EE-092F0E796F45}
		{F188AFAF-2539-4AF4-98DA-13CB37C41907} = {37D2881A-3D0C-4AC2-B3EE-092F0E796F45}
		{018CD3AF-5080-4845-A4F3-7A9C26CE8127} = {37D2881A-3D0C-4AC2-B3EE-092F0E796F45}
		{7BA4887C-0825-49EB-8EDC-D094B544F67B} = {3BF0B3BD-EA4E-48DE-9C90-2324FD6C34B5}
		{D24D49D6-6322-4C59-B814-C475E6AF624A} = {3BF0B3BD-EA4E-48DE-9C90-2324FD6C34B5}
		{E8BF1599-FEC8-46BD-B8AF-ECB45F3E1D77} = {3BF0B3BD-EA4E-48DE-9C90-2324FD6C34B5}
		{1E1CFCE2-63E3-4432-9934-0AD6761969CD} = {26EE8785-6DEC-4CEB-B714-FB90AB5C83CA}
		{CC910EF7-ABF3-46B2-B59C-7B5B25D96C49} = {26EE8785-6DEC-4CEB-B714-FB90AB5C83CA}
		{21A695FE-0602-4B3D-9BD6-CB75C06B67A7} = {26EE8785-6DEC-4CEB-B714-FB90AB5C83CA}
	EndGlobalSection
	GlobalSection(ExtensibilityGlobals) = postSolution
		SolutionGuid = {4C94553C-647D-45FD-B4BA-889FFC010352}
	EndGlobalSection
EndGlobal
